
Microsoft Visual Studio Solution File, Format Version 12.00
# Visual Studio Version 16
VisualStudioVersion = 16.0.32510.428
MinimumVisualStudioVersion = 10.0.40219.1
Project("{9A19103F-16F7-4668-BE54-9A1E7A4F7556}") = "Adv", "Adv.csproj", "{324C873E-B139-4D2E-9CF3-7FFF67FFFBEE}"
EndProject
Global
	GlobalSection(SolutionConfigurationPlatforms) = preSolution
		Debug|Any CPU = Debug|Any CPU
		Release|Any CPU = Release|Any CPU
	EndGlobalSection
	GlobalSection(ProjectConfigurationPlatforms) = postSolution
		{324C873E-B139-4D2E-9CF3-7FFF67FFFBEE}.Debug|Any CPU.ActiveCfg = Debug|Any CPU
		{324C873E-B139-4D2E-9CF3-7FFF67FFFBEE}.Debug|Any CPU.Build.0 = Debug|Any CPU
		{324C873E-B139-4D2E-9CF3-7FFF67FFFBEE}.Release|Any CPU.ActiveCfg = Release|Any CPU
		{324C873E-B139-4D2E-9CF3-7FFF67FFFBEE}.Release|Any CPU.Build.0 = Release|Any CPU
	EndGlobalSection
	GlobalSection(SolutionProperties) = preSolution
		HideSolutionNode = FALSE
	EndGlobalSection
	GlobalSection(ExtensibilityGlobals) = postSolution
		SolutionGuid = {2BE3BE00-538E-46EE-AF61-BECBCB00B330}
	EndGlobalSection
EndGlobal
